// !$*UTF8*$!
{
	archiveVersion = 1;
	classes = {
	};
	objectVersion = 46;
	objects = {

/* Begin PBXBuildFile section */
		62CB011B1C8583BC00DE415B /* main.m in Sources */ = {isa = PBXBuildFile; fileRef = 62CB011A1C8583BC00DE415B /* main.m */; };
		62CB011E1C8583BC00DE415B /* AppDelegate.m in Sources */ = {isa = PBXBuildFile; fileRef = 62CB011D1C8583BC00DE415B /* AppDelegate.m */; };
		62CB01211C8583BC00DE415B /* ViewController.m in Sources */ = {isa = PBXBuildFile; fileRef = 62CB01201C8583BC00DE415B /* ViewController.m */; };
		62CB01241C8583BC00DE415B /* Main.storyboard in Resources */ = {isa = PBXBuildFile; fileRef = 62CB01221C8583BC00DE415B /* Main.storyboard */; };
		62CB01261C8583BC00DE415B /* Assets.xcassets in Resources */ = {isa = PBXBuildFile; fileRef = 62CB01251C8583BC00DE415B /* Assets.xcassets */; };
		62CB01291C8583BC00DE415B /* LaunchScreen.storyboard in Resources */ = {isa = PBXBuildFile; fileRef = 62CB01271C8583BC00DE415B /* LaunchScreen.storyboard */; };
/* End PBXBuildFile section */

/* Begin PBXFileReference section */
		62CB01161C8583BC00DE415B /* ios22.app */ = {isa = PBXFileReference; explicitFileType = wrapper.application; includeInIndex = 0; path = ios22.app; sourceTree = BUILT_PRODUCTS_DIR; };
		62CB011A1C8583BC00DE415B /* main.m */ = {isa = PBXFileReference; lastKnownFileType = sourcecode.c.objc; path = main.m; sourceTree = "<group>"; };
		62CB011C1C8583BC00DE415B /* AppDelegate.h */ = {isa = PBXFileReference; lastKnownFileType = sourcecode.c.h; path = AppDelegate.h; sourceTree = "<group>"; };
		62CB011D1C8583BC00DE415B /* AppDelegate.m */ = {isa = PBXFileReference; lastKnownFileType = sourcecode.c.objc; path = AppDelegate.m; sourceTree = "<group>"; };
		62CB011F1C8583BC00DE415B /* ViewController.h */ = {isa = PBXFileReference; lastKnownFileType = sourcecode.c.h; path = ViewController.h; sourceTree = "<group>"; };
		62CB01201C8583BC00DE415B /* ViewController.m */ = {isa = PBXFileReference; lastKnownFileType = sourcecode.c.objc; path = ViewController.m; sourceTree = "<group>"; };
		62CB01231C8583BC00DE415B /* Base */ = {isa = PBXFileReference; lastKnownFileType = file.storyboard; name = Base; path = Base.lproj/Main.storyboard; sourceTree = "<group>"; };
		62CB01251C8583BC00DE415B /* Assets.xcassets */ = {isa = PBXFileReference; lastKnownFileType = folder.assetcatalog; path = Assets.xcassets; sourceTree = "<group>"; };
		62CB01281C8583BC00DE415B /* Base */ = {isa = PBXFileReference; lastKnownFileType = file.storyboard; name = Base; path = Base.lproj/LaunchScreen.storyboard; sourceTree = "<group>"; };
		62CB012A1C8583BC00DE415B /* Info.plist */ = {isa = PBXFileReference; lastKnownFileType = text.plist.xml; path = Info.plist; sourceTree = "<group>"; };
/* End PBXFileReference section */

/* Begin PBXFrameworksBuildPhase section */
		62CB01131C8583BC00DE415B /* Frameworks */ = {
			isa = PBXFrameworksBuildPhase;
			buildActionMask = 2147483647;
			files = (
			);
			runOnlyForDeploymentPostprocessing = 0;
		};
/* End PBXFrameworksBuildPhase section */

/* Begin PBXGroup section */
		62CB010D1C8583BC00DE415B = {
			isa = PBXGroup;
			children = (
				62CB01181C8583BC00DE415B /* ios22 */,
				62CB01171C8583BC00DE415B /* Products */,
			);
			sourceTree = "<group>";
		};
		62CB01171C8583BC00DE415B /* Products */ = {
			isa = PBXGroup;
			children = (
				62CB01161C8583BC00DE415B /* ios22.app */,
			);
			name = Products;
			sourceTree = "<group>";
		};
		62CB01181C8583BC00DE415B /* ios22 */ = {
			isa = PBXGroup;
			children = (
				62CB011C1C8583BC00DE415B /* AppDelegate.h */,
				62CB011D1C8583BC00DE415B /* AppDelegate.m */,
				62CB011F1C8583BC00DE415B /* ViewController.h */,
				62CB01201C8583BC00DE415B /* ViewController.m */,
				62CB01221C8583BC00DE415B /* Main.storyboard */,
				62CB01251C8583BC00DE415B /* Assets.xcassets */,
				62CB01271C8583BC00DE415B /* LaunchScreen.storyboard */,
				62CB012A1C8583BC00DE415B /* Info.plist */,
				62CB01191C8583BC00DE415B /* Supporting Files */,
			);
			path = ios22;
			sourceTree = "<group>";
		};
		62CB01191C8583BC00DE415B /* Supporting Files */ = {
			isa = PBXGroup;
			children = (
				62CB011A1C8583BC00DE415B /* main.m */,
			);
			name = "Supporting Files";
			sourceTree = "<group>";
		};
/* End PBXGroup section */

/* Begin PBXNativeTarget section */
		62CB01151C8583BC00DE415B /* ios22 */ = {
			isa = PBXNativeTarget;
			buildConfigurationList = 62CB012D1C8583BC00DE415B /* Build configuration list for PBXNativeTarget "ios22" */;
			buildPhases = (
				62CB01121C8583BC00DE415B /* Sources */,
				62CB01131C8583BC00DE415B /* Frameworks */,
				62CB01141C8583BC00DE415B /* Resources */,
			);
			buildRules = (
			);
			dependencies = (
			);
			name = ios22;
			productName = ios22;
			productReference = 62CB01161C8583BC00DE415B /* ios22.app */;
			productType = "com.apple.product-type.application";
		};
/* End PBXNativeTarget section */

/* Begin PBXProject section */
		62CB010E1C8583BC00DE415B /* Project object */ = {
			isa = PBXProject;
			attributes = {
				LastUpgradeCheck = 0720;
				ORGANIZATIONNAME = lkjy;
				TargetAttributes = {
					62CB01151C8583BC00DE415B = {
						CreatedOnToolsVersion = 7.2.1;
					};
				};
			};
			buildConfigurationList = 62CB01111C8583BC00DE415B /* Build configuration list for PBXProject "ios22" */;
			compatibilityVersion = "Xcode 3.2";
			developmentRegion = English;
			hasScannedForEncodings = 0;
			knownRegions = (
				en,
				Base,
			);
			mainGroup = 62CB010D1C8583BC00DE415B;
			productRefGroup = 62CB01171C8583BC00DE415B /* Products */;
			projectDirPath = "";
			projectRoot = "";
			targets = (
				62CB01151C8583BC00DE415B /* ios22 */,
			);
		};
/* End PBXProject section */

/* Begin PBXResourcesBuildPhase section */
		62CB01141C8583BC00DE415B /* Resources */ = {
			isa = PBXResourcesBuildPhase;
			buildActionMask = 2147483647;
			files = (
				62CB01291C8583BC00DE415B /* LaunchScreen.storyboard in Resources */,
				62CB01261C8583BC00DE415B /* Assets.xcassets in Resources */,
				62CB01241C8583BC00DE415B /* Main.storyboard in Resources */,
			);
			runOnlyForDeploymentPostprocessing = 0;
		};
/* End PBXResourcesBuildPhase section */

/* Begin PBXSourcesBuildPhase section */
		62CB01121C8583BC00DE415B /* Sources */ = {
			isa = PBXSourcesBuildPhase;
			buildActionMask = 2147483647;
			files = (
				62CB01211C8583BC00DE415B /* ViewController.m in Sources */,
				62CB011E1C8583BC00DE415B /* AppDelegate.m in Sources */,
				62CB011B1C8583BC00DE415B /* main.m in Sources */,
			);
			runOnlyForDeploymentPostprocessing = 0;
		};
/* End PBXSourcesBuildPhase section */

/* Begin PBXVariantGroup section */
		62CB01221C8583BC00DE415B /* Main.storyboard */ = {
			isa = PBXVariantGroup;
			children = (
				62CB01231C8583BC00DE415B /* Base */,
			);
			name = Main.storyboard;
			sourceTree = "<group>";
		};
		62CB01271C8583BC00DE415B /* LaunchScreen.storyboard */ = {
			isa = PBXVariantGroup;
			children = (
				62CB01281C8583BC00DE415B /* Base */,
			);
			name = LaunchScreen.storyboard;
			sourceTree = "<group>";
		};
/* End PBXVariantGroup section */

/* Begin XCBuildConfiguration section */
		62CB012B1C8583BC00DE415B /* Debug */ = {
			isa = XCBuildConfiguration;
			buildSettings = {
				ALWAYS_SEARCH_USER_PATHS = NO;
				CLANG_CXX_LANGUAGE_STANDARD = "gnu++0x";
				CLANG_CXX_LIBRARY = "libc++";
				CLANG_ENABLE_MODULES = YES;
				CLANG_ENABLE_OBJC_ARC = YES;
				CLANG_WARN_BOOL_CONVERSION = YES;
				CLANG_WARN_CONSTANT_CONVERSION = YES;
				CLANG_WARN_DIRECT_OBJC_ISA_USAGE = YES_ERROR;
				CLANG_WARN_EMPTY_BODY = YES;
				CLANG_WARN_ENUM_CONVERSION = YES;
				CLANG_WARN_INT_CONVERSION = YES;
				CLANG_WARN_OBJC_ROOT_CLASS = YES_ERROR;
				CLANG_WARN_UNREACHABLE_CODE = YES;
				CLANG_WARN__DUPLICATE_METHOD_MATCH = YES;
				"CODE_SIGN_IDENTITY[sdk=iphoneos*]" = "iPhone Developer";
				COPY_PHASE_STRIP = NO;
				DEBUG_INFORMATION_FORMAT = dwarf;
				ENABLE_STRICT_OBJC_MSGSEND = YES;
				ENABLE_TESTABILITY = YES;
				GCC_C_LANGUAGE_STANDARD = gnu99;
				GCC_DYNAMIC_NO_PIC = NO;
				GCC_NO_COMMON_BLOCKS = YES;
				GCC_OPTIMIZATION_LEVEL = 0;
				GCC_PREPROCESSOR_DEFINITIONS = (
					"DEBUG=1",
					"$(inherited)",
				);
				GCC_WARN_64_TO_32_BIT_CONVERSION = YES;
				GCC_WARN_ABOUT_RETURN_TYPE = YES_ERROR;
				GCC_WARN_UNDECLARED_SELECTOR = YES;
				GCC_WARN_UNINITIALIZED_AUTOS = YES_AGGRESSIVE;
				GCC_WARN_UNUSED_FUNCTION = YES;
				GCC_WARN_UNUSED_VARIABLE = YES;
				IPHONEOS_DEPLOYMENT_TARGET = 9.2;
				MTL_ENABLE_DEBUG_INFO = YES;
				ONLY_ACTIVE_ARCH = YES;
				SDKROOT = iphoneos;
				TARGETED_DEVICE_FAMILY = "1,2";
			};
			name = Debug;
		};
		62CB012C1C8583BC00DE415B /* Release */ = {
			isa = XCBuildConfiguration;
			buildSettings = {
				ALWAYS_SEARCH_USER_PATHS = NO;
				CLANG_CXX_LANGUAGE_STANDARD = "gnu++0x";
				CLANG_CXX_LIBRARY = "libc++";
				CLANG_ENABLE_MODULES = YES;
				CLANG_ENABLE_OBJC_ARC = YES;
				CLANG_WARN_BOOL_CONVERSION = YES;
				CLANG_WARN_CONSTANT_CONVERSION = YES;
				CLANG_WARN_DIRECT_OBJC_ISA_USAGE = YES_ERROR;
				CLANG_WARN_EMPTY_BODY = YES;
				CLANG_WARN_ENUM_CONVERSION = YES;
				CLANG_WARN_INT_CONVERSION = YES;
				CLANG_WARN_OBJC_ROOT_CLASS = YES_ERROR;
				CLANG_WARN_UNREACHABLE_CODE = YES;
				CLANG_WARN__DUPLICATE_METHOD_MATCH = YES;
				"CODE_SIGN_IDENTITY[sdk=iphoneos*]" = "iPhone Developer";
				COPY_PHASE_STRIP = NO;
				DEBUG_INFORMATION_FORMAT = "dwarf-with-dsym";
				ENABLE_NS_ASSERTIONS = NO;
				ENABLE_STRICT_OBJC_MSGSEND = YES;
				GCC_C_LANGUAGE_STANDARD = gnu99;
				GCC_NO_COMMON_BLOCKS = YES;
				GCC_WARN_64_TO_32_BIT_CONVERSION = YES;
				GCC_WARN_ABOUT_RETURN_TYPE = YES_ERROR;
				GCC_WARN_UNDECLARED_SELECTOR = YES;
				GCC_WARN_UNINITIALIZED_AUTOS = YES_AGGRESSIVE;
				GCC_WARN_UNUSED_FUNCTION = YES;
				GCC_WARN_UNUSED_VARIABLE = YES;
				IPHONEOS_DEPLOYMENT_TARGET = 9.2;
				MTL_ENABLE_DEBUG_INFO = NO;
				SDKROOT = iphoneos;
				TARGETED_DEVICE_FAMILY = "1,2";
				VALIDATE_PRODUCT = YES;
			};
			name = Release;
		};
		62CB012E1C8583BC00DE415B /* Debug */ = {
			isa = XCBuildConfiguration;
			buildSettings = {
				ASSETCATALOG_COMPILER_APPICON_NAME = AppIcon;
				INFOPLIST_FILE = ios22/Info.plist;
				LD_RUNPATH_SEARCH_PATHS = "$(inherited) @executable_path/Frameworks";
				PRODUCT_BUNDLE_IDENTIFIER = wy.ios22;
				PRODUCT_NAME = "$(TARGET_NAME)";
			};
			name = Debug;
		};
		62CB012F1C8583BC00DE415B /* Release */ = {
			isa = XCBuildConfiguration;
			buildSettings = {
				ASSETCATALOG_COMPILER_APPICON_NAME = AppIcon;
				INFOPLIST_FILE = ios22/Info.plist;
				LD_RUNPATH_SEARCH_PATHS = "$(inherited) @executable_path/Frameworks";
				PRODUCT_BUNDLE_IDENTIFIER = wy.ios22;
				PRODUCT_NAME = "$(TARGET_NAME)";
			};
			name = Release;
		};
/* End XCBuildConfiguration section */

/* Begin XCConfigurationList section */
		62CB01111C8583BC00DE415B /* Build configuration list for PBXProject "ios22" */ = {
			isa = XCConfigurationList;
			buildConfigurations = (
				62CB012B1C8583BC00DE415B /* Debug */,
				62CB012C1C8583BC00DE415B /* Release */,
			);
			defaultConfigurationIsVisible = 0;
			defaultConfigurationName = Release;
		};
		62CB012D1C8583BC00DE415B /* Build configuration list for PBXNativeTarget "ios22" */ = {
			isa = XCConfigurationList;
			buildConfigurations = (
				62CB012E1C8583BC00DE415B /* Debug */,
				62CB012F1C8583BC00DE415B /* Release */,
			);
			defaultConfigurationIsVisible = 0;
		};
/* End XCConfigurationList section */
	};
	rootObject = 62CB010E1C8583BC00DE415B /* Project object */;
}
